
Microsoft Visual Studio Solution File, Format Version 12.00
# Visual Studio Version 16
VisualStudioVersion = 16.0.30225.117
MinimumVisualStudioVersion = 10.0.40219.1
Project("{FAE04EC0-301F-11D3-BF4B-00C04F79EFBC}") = "WebAPI_DotNetCore_Demo", "WebAPI_DotNetCore_Demo\WebAPI_DotNetCore_Demo.csproj", "{0518957A-0602-4E73-9CE0-E5830DADC580}"
EndProject
Project("{2150E333-8FDC-42A3-9474-1A3956D46DE8}") = "Source", "Source", "{A8651256-3B2C-4B2A-B362-92CB6DE734ED}"
EndProject
Project("{2150E333-8FDC-42A3-9474-1A3956D46DE8}") = "Tests", "Tests", "{7D5141B8-9E4D-407C-B049-09BACE1678C5}"
EndProject
Global
	GlobalSection(SolutionConfigurationPlatforms) = preSolution
		Debug|Any CPU = Debug|Any CPU
		Release|Any CPU = Release|Any CPU
	EndGlobalSection
	GlobalSection(ProjectConfigurationPlatforms) = postSolution
		{0518957A-0602-4E73-9CE0-E5830DADC580}.Debug|Any CPU.ActiveCfg = Debug|Any CPU
		{0518957A-0602-4E73-9CE0-E5830DADC580}.Debug|Any CPU.Build.0 = Debug|Any CPU
		{0518957A-0602-4E73-9CE0-E5830DADC580}.Release|Any CPU.ActiveCfg = Release|Any CPU
		{0518957A-0602-4E73-9CE0-E5830DADC580}.Release|Any CPU.Build.0 = Release|Any CPU
	EndGlobalSection
	GlobalSection(SolutionProperties) = preSolution
		HideSolutionNode = FALSE
	EndGlobalSection
	GlobalSection(NestedProjects) = preSolution
		{0518957A-0602-4E73-9CE0-E5830DADC580} = {A8651256-3B2C-4B2A-B362-92CB6DE734ED}
	EndGlobalSection
	GlobalSection(ExtensibilityGlobals) = postSolution
		SolutionGuid = {8982F9C3-4621-44A2-BA26-A160B6921342}
	EndGlobalSection
EndGlobal
