
Microsoft Visual Studio Solution File, Format Version 12.00
# Visual Studio Version 16
VisualStudioVersion = 16.0.30225.117
MinimumVisualStudioVersion = 10.0.40219.1
Project("{9A19103F-16F7-4668-BE54-9A1E7A4F7556}") = "WebAPI_DotNetCore_Demo", "WebAPI_DotNetCore_Demo\WebAPI_DotNetCore_Demo.csproj", "{0518957A-0602-4E73-9CE0-E5830DADC580}"
EndProject
Project("{2150E333-8FDC-42A3-9474-1A3956D46DE8}") = "Source", "Source", "{A8651256-3B2C-4B2A-B362-92CB6DE734ED}"
EndProject
Project("{2150E333-8FDC-42A3-9474-1A3956D46DE8}") = "Tests", "Tests", "{7D5141B8-9E4D-407C-B049-09BACE1678C5}"
EndProject
Project("{2150E333-8FDC-42A3-9474-1A3956D46DE8}") = "Presentation", "Presentation", "{2FA5117F-1786-44E1-B0EB-CFC93B9CD4AC}"
EndProject
Project("{2150E333-8FDC-42A3-9474-1A3956D46DE8}") = "Core", "Core", "{2EDE2403-030A-42B9-9B31-F9558B13C3B7}"
EndProject
Project("{2150E333-8FDC-42A3-9474-1A3956D46DE8}") = "Infrastructure", "Infrastructure", "{A6CBB86D-C93C-49C0-A0A5-50A3BB31E813}"
EndProject
Project("{2150E333-8FDC-42A3-9474-1A3956D46DE8}") = "Common", "Common", "{BF73A6D4-9E54-4373-9FE9-E338F5CDB70B}"
EndProject
Project("{9A19103F-16F7-4668-BE54-9A1E7A4F7556}") = "WebAPI_DotNetCore_Demo.Common", "WebAPI_DotNetCore_Demo.Common\WebAPI_DotNetCore_Demo.Common.csproj", "{4ACB9E1F-7FF2-4A53-A9B6-4B48903D32E5}"
EndProject
Project("{9A19103F-16F7-4668-BE54-9A1E7A4F7556}") = "WebAPI_DotNetCore_Demo.Application", "WebAPI_DotNetCore_Demo.Application\WebAPI_DotNetCore_Demo.Application.csproj", "{75E542F9-D80B-4E62-88B2-BFA3B54E50A5}"
EndProject
Project("{9A19103F-16F7-4668-BE54-9A1E7A4F7556}") = "WebAPI_DotNetCore_Demo.Domain", "WebAPI_DotNetCore_Demo.Domain\WebAPI_DotNetCore_Demo.Domain.csproj", "{21A7D01A-EAFE-4943-A8A6-70A0559FE48A}"
EndProject
Project("{9A19103F-16F7-4668-BE54-9A1E7A4F7556}") = "WebAPI_DotNetCore_Demo.Infrastructure", "WebAPI_DotNetCore_Demo.Infrastructure\WebAPI_DotNetCore_Demo.Infrastructure.csproj", "{3F7FCB89-03D4-45DA-9333-82FBFB4A425C}"
EndProject
Project("{9A19103F-16F7-4668-BE54-9A1E7A4F7556}") = "WebAPI_DotNetCore_Demo.Persistence", "WebAPI_DotNetCore_Demo.Persistence\WebAPI_DotNetCore_Demo.Persistence.csproj", "{3C2CF5FB-BE24-48C4-BB81-633ABC644455}"
EndProject
Project("{9A19103F-16F7-4668-BE54-9A1E7A4F7556}") = "WebAPI_DotNetCore_Demo.Application.Tests", "WebAPI_DotNetCore_Demo.Application.Tests\WebAPI_DotNetCore_Demo.Application.Tests.csproj", "{3BA8B18B-85CD-4E19-958E-E253BF6D5EC3}"
EndProject
Global
	GlobalSection(SolutionConfigurationPlatforms) = preSolution
		Debug|Any CPU = Debug|Any CPU
		Release|Any CPU = Release|Any CPU
	EndGlobalSection
	GlobalSection(ProjectConfigurationPlatforms) = postSolution
		{0518957A-0602-4E73-9CE0-E5830DADC580}.Debug|Any CPU.ActiveCfg = Debug|Any CPU
		{0518957A-0602-4E73-9CE0-E5830DADC580}.Debug|Any CPU.Build.0 = Debug|Any CPU
		{0518957A-0602-4E73-9CE0-E5830DADC580}.Release|Any CPU.ActiveCfg = Release|Any CPU
		{0518957A-0602-4E73-9CE0-E5830DADC580}.Release|Any CPU.Build.0 = Release|Any CPU
		{4ACB9E1F-7FF2-4A53-A9B6-4B48903D32E5}.Debug|Any CPU.ActiveCfg = Debug|Any CPU
		{4ACB9E1F-7FF2-4A53-A9B6-4B48903D32E5}.Debug|Any CPU.Build.0 = Debug|Any CPU
		{4ACB9E1F-7FF2-4A53-A9B6-4B48903D32E5}.Release|Any CPU.ActiveCfg = Release|Any CPU
		{4ACB9E1F-7FF2-4A53-A9B6-4B48903D32E5}.Release|Any CPU.Build.0 = Release|Any CPU
		{75E542F9-D80B-4E62-88B2-BFA3B54E50A5}.Debug|Any CPU.ActiveCfg = Debug|Any CPU
		{75E542F9-D80B-4E62-88B2-BFA3B54E50A5}.Debug|Any CPU.Build.0 = Debug|Any CPU
		{75E542F9-D80B-4E62-88B2-BFA3B54E50A5}.Release|Any CPU.ActiveCfg = Release|Any CPU
		{75E542F9-D80B-4E62-88B2-BFA3B54E50A5}.Release|Any CPU.Build.0 = Release|Any CPU
		{21A7D01A-EAFE-4943-A8A6-70A0559FE48A}.Debug|Any CPU.ActiveCfg = Debug|Any CPU
		{21A7D01A-EAFE-4943-A8A6-70A0559FE48A}.Debug|Any CPU.Build.0 = Debug|Any CPU
		{21A7D01A-EAFE-4943-A8A6-70A0559FE48A}.Release|Any CPU.ActiveCfg = Release|Any CPU
		{21A7D01A-EAFE-4943-A8A6-70A0559FE48A}.Release|Any CPU.Build.0 = Release|Any CPU
		{3F7FCB89-03D4-45DA-9333-82FBFB4A425C}.Debug|Any CPU.ActiveCfg = Debug|Any CPU
		{3F7FCB89-03D4-45DA-9333-82FBFB4A425C}.Debug|Any CPU.Build.0 = Debug|Any CPU
		{3F7FCB89-03D4-45DA-9333-82FBFB4A425C}.Release|Any CPU.ActiveCfg = Release|Any CPU
		{3F7FCB89-03D4-45DA-9333-82FBFB4A425C}.Release|Any CPU.Build.0 = Release|Any CPU
		{3C2CF5FB-BE24-48C4-BB81-633ABC644455}.Debug|Any CPU.ActiveCfg = Debug|Any CPU
		{3C2CF5FB-BE24-48C4-BB81-633ABC644455}.Debug|Any CPU.Build.0 = Debug|Any CPU
		{3C2CF5FB-BE24-48C4-BB81-633ABC644455}.Release|Any CPU.ActiveCfg = Release|Any CPU
		{3C2CF5FB-BE24-48C4-BB81-633ABC644455}.Release|Any CPU.Build.0 = Release|Any CPU
		{3BA8B18B-85CD-4E19-958E-E253BF6D5EC3}.Debug|Any CPU.ActiveCfg = Debug|Any CPU
		{3BA8B18B-85CD-4E19-958E-E253BF6D5EC3}.Debug|Any CPU.Build.0 = Debug|Any CPU
		{3BA8B18B-85CD-4E19-958E-E253BF6D5EC3}.Release|Any CPU.ActiveCfg = Release|Any CPU
		{3BA8B18B-85CD-4E19-958E-E253BF6D5EC3}.Release|Any CPU.Build.0 = Release|Any CPU
	EndGlobalSection
	GlobalSection(SolutionProperties) = preSolution
		HideSolutionNode = FALSE
	EndGlobalSection
	GlobalSection(NestedProjects) = preSolution
		{0518957A-0602-4E73-9CE0-E5830DADC580} = {2FA5117F-1786-44E1-B0EB-CFC93B9CD4AC}
		{2FA5117F-1786-44E1-B0EB-CFC93B9CD4AC} = {A8651256-3B2C-4B2A-B362-92CB6DE734ED}
		{2EDE2403-030A-42B9-9B31-F9558B13C3B7} = {A8651256-3B2C-4B2A-B362-92CB6DE734ED}
		{A6CBB86D-C93C-49C0-A0A5-50A3BB31E813} = {A8651256-3B2C-4B2A-B362-92CB6DE734ED}
		{BF73A6D4-9E54-4373-9FE9-E338F5CDB70B} = {A8651256-3B2C-4B2A-B362-92CB6DE734ED}
		{4ACB9E1F-7FF2-4A53-A9B6-4B48903D32E5} = {BF73A6D4-9E54-4373-9FE9-E338F5CDB70B}
		{75E542F9-D80B-4E62-88B2-BFA3B54E50A5} = {2EDE2403-030A-42B9-9B31-F9558B13C3B7}
		{21A7D01A-EAFE-4943-A8A6-70A0559FE48A} = {2EDE2403-030A-42B9-9B31-F9558B13C3B7}
		{3F7FCB89-03D4-45DA-9333-82FBFB4A425C} = {A6CBB86D-C93C-49C0-A0A5-50A3BB31E813}
		{3C2CF5FB-BE24-48C4-BB81-633ABC644455} = {A6CBB86D-C93C-49C0-A0A5-50A3BB31E813}
		{3BA8B18B-85CD-4E19-958E-E253BF6D5EC3} = {7D5141B8-9E4D-407C-B049-09BACE1678C5}
	EndGlobalSection
	GlobalSection(ExtensibilityGlobals) = postSolution
		SolutionGuid = {8982F9C3-4621-44A2-BA26-A160B6921342}
	EndGlobalSection
EndGlobal
